{
  "name": "devblog",
  "version": "1.0.0",
  "lockfileVersion": 1,
  "requires": true,
  "dependencies": {
    "pell": {
      "version": "1.0.6",
      "resolved": "https://registry.npmjs.org/pell/-/pell-1.0.6.tgz",
      "integrity": "sha512-wuackvgjFCHmVABy7ACSmY2u53w+TlYFrVL2hN6V3rGL/iWWwVXMw2uphpZSXNnqFQTI8nMpD3UNNX8+R4BAYw=="
    }
  }
}
